// !$*UTF8*$!
{
	archiveVersion = 1;
	classes = {
	};
	objectVersion = 55;
	objects = {

/* Begin PBXBuildFile section */
		BC057BA7289EB64500D54BA1 /* BullseyeApp.swift in Sources */ = {isa = PBXBuildFile; fileRef = BC057BA6289EB64500D54BA1 /* BullseyeApp.swift */; };
		BC057BA9289EB64500D54BA1 /* ContentView.swift in Sources */ = {isa = PBXBuildFile; fileRef = BC057BA8289EB64500D54BA1 /* ContentView.swift */; };
		BC057BAB289EB64700D54BA1 /* Assets.xcassets in Resources */ = {isa = PBXBuildFile; fileRef = BC057BAA289EB64700D54BA1 /* Assets.xcassets */; };
		BC057BAE289EB64700D54BA1 /* Preview Assets.xcassets in Resources */ = {isa = PBXBuildFile; fileRef = BC057BAD289EB64700D54BA1 /* Preview Assets.xcassets */; };
		BC0A2F1128ADC2F00076B14B /* RoundViews.swift in Sources */ = {isa = PBXBuildFile; fileRef = BC0A2F1028ADC2F00076B14B /* RoundViews.swift */; };
		BC3F647A28A9D251009B5A83 /* TextViews.swift in Sources */ = {isa = PBXBuildFile; fileRef = BC3F647928A9D251009B5A83 /* TextViews.swift */; };
		BC82D77528B123E100DA34C3 /* BackgroundView.swift in Sources */ = {isa = PBXBuildFile; fileRef = BC82D77428B123E100DA34C3 /* BackgroundView.swift */; };
		BC8B40C028AD7DF9009AF5A4 /* Shapes.swift in Sources */ = {isa = PBXBuildFile; fileRef = BC8B40BF28AD7DF9009AF5A4 /* Shapes.swift */; };
		BC9117F528A47BA200F5DABA /* Game.swift in Sources */ = {isa = PBXBuildFile; fileRef = BC9117F428A47BA200F5DABA /* Game.swift */; };
		BCD7C99D28A48DE90020E6D6 /* BullseyeTests.swift in Sources */ = {isa = PBXBuildFile; fileRef = BCD7C99C28A48DE90020E6D6 /* BullseyeTests.swift */; };
/* End PBXBuildFile section */

/* Begin PBXContainerItemProxy section */
		BCD7C99E28A48DE90020E6D6 /* PBXContainerItemProxy */ = {
			isa = PBXContainerItemProxy;
			containerPortal = BC057B9B289EB64500D54BA1 /* Project object */;
			proxyType = 1;
			remoteGlobalIDString = BC057BA2289EB64500D54BA1;
			remoteInfo = Bullseye;
		};
/* End PBXContainerItemProxy section */

/* Begin PBXFileReference section */
		BC057BA3289EB64500D54BA1 /* Bullseye.app */ = {isa = PBXFileReference; explicitFileType = wrapper.application; includeInIndex = 0; path = Bullseye.app; sourceTree = BUILT_PRODUCTS_DIR; };
		BC057BA6289EB64500D54BA1 /* BullseyeApp.swift */ = {isa = PBXFileReference; lastKnownFileType = sourcecode.swift; path = BullseyeApp.swift; sourceTree = "<group>"; };
		BC057BA8289EB64500D54BA1 /* ContentView.swift */ = {isa = PBXFileReference; lastKnownFileType = sourcecode.swift; path = ContentView.swift; sourceTree = "<group>"; };
		BC057BAA289EB64700D54BA1 /* Assets.xcassets */ = {isa = PBXFileReference; lastKnownFileType = folder.assetcatalog; path = Assets.xcassets; sourceTree = "<group>"; };
		BC057BAD289EB64700D54BA1 /* Preview Assets.xcassets */ = {isa = PBXFileReference; lastKnownFileType = folder.assetcatalog; path = "Preview Assets.xcassets"; sourceTree = "<group>"; };
		BC0A2F1028ADC2F00076B14B /* RoundViews.swift */ = {isa = PBXFileReference; lastKnownFileType = sourcecode.swift; path = RoundViews.swift; sourceTree = "<group>"; };
		BC3F647928A9D251009B5A83 /* TextViews.swift */ = {isa = PBXFileReference; lastKnownFileType = sourcecode.swift; path = TextViews.swift; sourceTree = "<group>"; };
		BC82D77428B123E100DA34C3 /* BackgroundView.swift */ = {isa = PBXFileReference; lastKnownFileType = sourcecode.swift; path = BackgroundView.swift; sourceTree = "<group>"; };
		BC8B40BF28AD7DF9009AF5A4 /* Shapes.swift */ = {isa = PBXFileReference; lastKnownFileType = sourcecode.swift; path = Shapes.swift; sourceTree = "<group>"; };
		BC9117F428A47BA200F5DABA /* Game.swift */ = {isa = PBXFileReference; lastKnownFileType = sourcecode.swift; path = Game.swift; sourceTree = "<group>"; };
		BCD7C99A28A48DE90020E6D6 /* BullseyeTests.xctest */ = {isa = PBXFileReference; explicitFileType = wrapper.cfbundle; includeInIndex = 0; path = BullseyeTests.xctest; sourceTree = BUILT_PRODUCTS_DIR; };
		BCD7C99C28A48DE90020E6D6 /* BullseyeTests.swift */ = {isa = PBXFileReference; lastKnownFileType = sourcecode.swift; path = BullseyeTests.swift; sourceTree = "<group>"; };
/* End PBXFileReference section */

/* Begin PBXFrameworksBuildPhase section */
		BC057BA0289EB64500D54BA1 /* Frameworks */ = {
			isa = PBXFrameworksBuildPhase;
			buildActionMask = 2147483647;
			files = (
			);
			runOnlyForDeploymentPostprocessing = 0;
		};
		BCD7C99728A48DE90020E6D6 /* Frameworks */ = {
			isa = PBXFrameworksBuildPhase;
			buildActionMask = 2147483647;
			files = (
			);
			runOnlyForDeploymentPostprocessing = 0;
		};
/* End PBXFrameworksBuildPhase section */

/* Begin PBXGroup section */
		BC057B9A289EB64500D54BA1 = {
			isa = PBXGroup;
			children = (
				BC057BA5289EB64500D54BA1 /* Bullseye */,
				BCD7C99B28A48DE90020E6D6 /* BullseyeTests */,
				BC057BA4289EB64500D54BA1 /* Products */,
			);
			sourceTree = "<group>";
		};
		BC057BA4289EB64500D54BA1 /* Products */ = {
			isa = PBXGroup;
			children = (
				BC057BA3289EB64500D54BA1 /* Bullseye.app */,
				BCD7C99A28A48DE90020E6D6 /* BullseyeTests.xctest */,
			);
			name = Products;
			sourceTree = "<group>";
		};
		BC057BA5289EB64500D54BA1 /* Bullseye */ = {
			isa = PBXGroup;
			children = (
				BC9117F328A47A0C00F5DABA /* App */,
				BC9117F228A479F800F5DABA /* Views */,
				BC9117F128A479EA00F5DABA /* Models */,
				BC057BAC289EB64700D54BA1 /* Preview Content */,
			);
			path = Bullseye;
			sourceTree = "<group>";
		};
		BC057BAC289EB64700D54BA1 /* Preview Content */ = {
			isa = PBXGroup;
			children = (
				BC057BAD289EB64700D54BA1 /* Preview Assets.xcassets */,
			);
			path = "Preview Content";
			sourceTree = "<group>";
		};
		BC9117F128A479EA00F5DABA /* Models */ = {
			isa = PBXGroup;
			children = (
				BC9117F428A47BA200F5DABA /* Game.swift */,
			);
			path = Models;
			sourceTree = "<group>";
		};
		BC9117F228A479F800F5DABA /* Views */ = {
			isa = PBXGroup;
			children = (
				BC057BA8289EB64500D54BA1 /* ContentView.swift */,
				BC3F647928A9D251009B5A83 /* TextViews.swift */,
				BC8B40BF28AD7DF9009AF5A4 /* Shapes.swift */,
				BC0A2F1028ADC2F00076B14B /* RoundViews.swift */,
				BC82D77428B123E100DA34C3 /* BackgroundView.swift */,
			);
			path = Views;
			sourceTree = "<group>";
		};
		BC9117F328A47A0C00F5DABA /* App */ = {
			isa = PBXGroup;
			children = (
				BC057BA6289EB64500D54BA1 /* BullseyeApp.swift */,
				BC057BAA289EB64700D54BA1 /* Assets.xcassets */,
			);
			path = App;
			sourceTree = "<group>";
		};
		BCD7C99B28A48DE90020E6D6 /* BullseyeTests */ = {
			isa = PBXGroup;
			children = (
				BCD7C99C28A48DE90020E6D6 /* BullseyeTests.swift */,
			);
			path = BullseyeTests;
			sourceTree = "<group>";
		};
/* End PBXGroup section */

/* Begin PBXNativeTarget section */
		BC057BA2289EB64500D54BA1 /* Bullseye */ = {
			isa = PBXNativeTarget;
			buildConfigurationList = BC057BB1289EB64700D54BA1 /* Build configuration list for PBXNativeTarget "Bullseye" */;
			buildPhases = (
				BC057B9F289EB64500D54BA1 /* Sources */,
				BC057BA0289EB64500D54BA1 /* Frameworks */,
				BC057BA1289EB64500D54BA1 /* Resources */,
			);
			buildRules = (
			);
			dependencies = (
			);
			name = Bullseye;
			productName = Bullseye;
			productReference = BC057BA3289EB64500D54BA1 /* Bullseye.app */;
			productType = "com.apple.product-type.application";
		};
		BCD7C99928A48DE90020E6D6 /* BullseyeTests */ = {
			isa = PBXNativeTarget;
			buildConfigurationList = BCD7C9A228A48DE90020E6D6 /* Build configuration list for PBXNativeTarget "BullseyeTests" */;
			buildPhases = (
				BCD7C99628A48DE90020E6D6 /* Sources */,
				BCD7C99728A48DE90020E6D6 /* Frameworks */,
				BCD7C99828A48DE90020E6D6 /* Resources */,
			);
			buildRules = (
			);
			dependencies = (
				BCD7C99F28A48DE90020E6D6 /* PBXTargetDependency */,
			);
			name = BullseyeTests;
			productName = BullseyeTests;
			productReference = BCD7C99A28A48DE90020E6D6 /* BullseyeTests.xctest */;
			productType = "com.apple.product-type.bundle.unit-test";
		};
/* End PBXNativeTarget section */

/* Begin PBXProject section */
		BC057B9B289EB64500D54BA1 /* Project object */ = {
			isa = PBXProject;
			attributes = {
				BuildIndependentTargetsInParallel = 1;
				LastSwiftUpdateCheck = 1320;
				LastUpgradeCheck = 1320;
				TargetAttributes = {
					BC057BA2289EB64500D54BA1 = {
						CreatedOnToolsVersion = 13.2.1;
					};
					BCD7C99928A48DE90020E6D6 = {
						CreatedOnToolsVersion = 13.2.1;
						TestTargetID = BC057BA2289EB64500D54BA1;
					};
				};
			};
			buildConfigurationList = BC057B9E289EB64500D54BA1 /* Build configuration list for PBXProject "Bullseye" */;
			compatibilityVersion = "Xcode 13.0";
			developmentRegion = en;
			hasScannedForEncodings = 0;
			knownRegions = (
				en,
				Base,
			);
			mainGroup = BC057B9A289EB64500D54BA1;
			productRefGroup = BC057BA4289EB64500D54BA1 /* Products */;
			projectDirPath = "";
			projectRoot = "";
			targets = (
				BC057BA2289EB64500D54BA1 /* Bullseye */,
				BCD7C99928A48DE90020E6D6 /* BullseyeTests */,
			);
		};
/* End PBXProject section */

/* Begin PBXResourcesBuildPhase section */
		BC057BA1289EB64500D54BA1 /* Resources */ = {
			isa = PBXResourcesBuildPhase;
			buildActionMask = 2147483647;
			files = (
				BC057BAE289EB64700D54BA1 /* Preview Assets.xcassets in Resources */,
				BC057BAB289EB64700D54BA1 /* Assets.xcassets in Resources */,
			);
			runOnlyForDeploymentPostprocessing = 0;
		};
		BCD7C99828A48DE90020E6D6 /* Resources */ = {
			isa = PBXResourcesBuildPhase;
			buildActionMask = 2147483647;
			files = (
			);
			runOnlyForDeploymentPostprocessing = 0;
		};
/* End PBXResourcesBuildPhase section */

/* Begin PBXSourcesBuildPhase section */
		BC057B9F289EB64500D54BA1 /* Sources */ = {
			isa = PBXSourcesBuildPhase;
			buildActionMask = 2147483647;
			files = (
				BC0A2F1128ADC2F00076B14B /* RoundViews.swift in Sources */,
				BC057BA9289EB64500D54BA1 /* ContentView.swift in Sources */,
				BC3F647A28A9D251009B5A83 /* TextViews.swift in Sources */,
				BC82D77528B123E100DA34C3 /* BackgroundView.swift in Sources */,
				BC8B40C028AD7DF9009AF5A4 /* Shapes.swift in Sources */,
				BC9117F528A47BA200F5DABA /* Game.swift in Sources */,
				BC057BA7289EB64500D54BA1 /* BullseyeApp.swift in Sources */,
			);
			runOnlyForDeploymentPostprocessing = 0;
		};
		BCD7C99628A48DE90020E6D6 /* Sources */ = {
			isa = PBXSourcesBuildPhase;
			buildActionMask = 2147483647;
			files = (
				BCD7C99D28A48DE90020E6D6 /* BullseyeTests.swift in Sources */,
			);
			runOnlyForDeploymentPostprocessing = 0;
		};
/* End PBXSourcesBuildPhase section */

/* Begin PBXTargetDependency section */
		BCD7C99F28A48DE90020E6D6 /* PBXTargetDependency */ = {
			isa = PBXTargetDependency;
			target = BC057BA2289EB64500D54BA1 /* Bullseye */;
			targetProxy = BCD7C99E28A48DE90020E6D6 /* PBXContainerItemProxy */;
		};
/* End PBXTargetDependency section */

/* Begin XCBuildConfiguration section */
		BC057BAF289EB64700D54BA1 /* Debug */ = {
			isa = XCBuildConfiguration;
			buildSettings = {
				ALWAYS_SEARCH_USER_PATHS = NO;
				CLANG_ANALYZER_NONNULL = YES;
				CLANG_ANALYZER_NUMBER_OBJECT_CONVERSION = YES_AGGRESSIVE;
				CLANG_CXX_LANGUAGE_STANDARD = "gnu++17";
				CLANG_CXX_LIBRARY = "libc++";
				CLANG_ENABLE_MODULES = YES;
				CLANG_ENABLE_OBJC_ARC = YES;
				CLANG_ENABLE_OBJC_WEAK = YES;
				CLANG_WARN_BLOCK_CAPTURE_AUTORELEASING = YES;
				CLANG_WARN_BOOL_CONVERSION = YES;
				CLANG_WARN_COMMA = YES;
				CLANG_WARN_CONSTANT_CONVERSION = YES;
				CLANG_WARN_DEPRECATED_OBJC_IMPLEMENTATIONS = YES;
				CLANG_WARN_DIRECT_OBJC_ISA_USAGE = YES_ERROR;
				CLANG_WARN_DOCUMENTATION_COMMENTS = YES;
				CLANG_WARN_EMPTY_BODY = YES;
				CLANG_WARN_ENUM_CONVERSION = YES;
				CLANG_WARN_INFINITE_RECURSION = YES;
				CLANG_WARN_INT_CONVERSION = YES;
				CLANG_WARN_NON_LITERAL_NULL_CONVERSION = YES;
				CLANG_WARN_OBJC_IMPLICIT_RETAIN_SELF = YES;
				CLANG_WARN_OBJC_LITERAL_CONVERSION = YES;
				CLANG_WARN_OBJC_ROOT_CLASS = YES_ERROR;
				CLANG_WARN_QUOTED_INCLUDE_IN_FRAMEWORK_HEADER = YES;
				CLANG_WARN_RANGE_LOOP_ANALYSIS = YES;
				CLANG_WARN_STRICT_PROTOTYPES = YES;
				CLANG_WARN_SUSPICIOUS_MOVE = YES;
				CLANG_WARN_UNGUARDED_AVAILABILITY = YES_AGGRESSIVE;
				CLANG_WARN_UNREACHABLE_CODE = YES;
				CLANG_WARN__DUPLICATE_METHOD_MATCH = YES;
				COPY_PHASE_STRIP = NO;
				DEBUG_INFORMATION_FORMAT = dwarf;
				ENABLE_STRICT_OBJC_MSGSEND = YES;
				ENABLE_TESTABILITY = YES;
				GCC_C_LANGUAGE_STANDARD = gnu11;
				GCC_DYNAMIC_NO_PIC = NO;
				GCC_NO_COMMON_BLOCKS = YES;
				GCC_OPTIMIZATION_LEVEL = 0;
				GCC_PREPROCESSOR_DEFINITIONS = (
					"DEBUG=1",
					"$(inherited)",
				);
				GCC_WARN_64_TO_32_BIT_CONVERSION = YES;
				GCC_WARN_ABOUT_RETURN_TYPE = YES_ERROR;
				GCC_WARN_UNDECLARED_SELECTOR = YES;
				GCC_WARN_UNINITIALIZED_AUTOS = YES_AGGRESSIVE;
				GCC_WARN_UNUSED_FUNCTION = YES;
				GCC_WARN_UNUSED_VARIABLE = YES;
				IPHONEOS_DEPLOYMENT_TARGET = 15.2;
				MTL_ENABLE_DEBUG_INFO = INCLUDE_SOURCE;
				MTL_FAST_MATH = YES;
				ONLY_ACTIVE_ARCH = YES;
				SDKROOT = iphoneos;
				SWIFT_ACTIVE_COMPILATION_CONDITIONS = DEBUG;
				SWIFT_OPTIMIZATION_LEVEL = "-Onone";
			};
			name = Debug;
		};
		BC057BB0289EB64700D54BA1 /* Release */ = {
			isa = XCBuildConfiguration;
			buildSettings = {
				ALWAYS_SEARCH_USER_PATHS = NO;
				CLANG_ANALYZER_NONNULL = YES;
				CLANG_ANALYZER_NUMBER_OBJECT_CONVERSION = YES_AGGRESSIVE;
				CLANG_CXX_LANGUAGE_STANDARD = "gnu++17";
				CLANG_CXX_LIBRARY = "libc++";
				CLANG_ENABLE_MODULES = YES;
				CLANG_ENABLE_OBJC_ARC = YES;
				CLANG_ENABLE_OBJC_WEAK = YES;
				CLANG_WARN_BLOCK_CAPTURE_AUTORELEASING = YES;
				CLANG_WARN_BOOL_CONVERSION = YES;
				CLANG_WARN_COMMA = YES;
				CLANG_WARN_CONSTANT_CONVERSION = YES;
				CLANG_WARN_DEPRECATED_OBJC_IMPLEMENTATIONS = YES;
				CLANG_WARN_DIRECT_OBJC_ISA_USAGE = YES_ERROR;
				CLANG_WARN_DOCUMENTATION_COMMENTS = YES;
				CLANG_WARN_EMPTY_BODY = YES;
				CLANG_WARN_ENUM_CONVERSION = YES;
				CLANG_WARN_INFINITE_RECURSION = YES;
				CLANG_WARN_INT_CONVERSION = YES;
				CLANG_WARN_NON_LITERAL_NULL_CONVERSION = YES;
				CLANG_WARN_OBJC_IMPLICIT_RETAIN_SELF = YES;
				CLANG_WARN_OBJC_LITERAL_CONVERSION = YES;
				CLANG_WARN_OBJC_ROOT_CLASS = YES_ERROR;
				CLANG_WARN_QUOTED_INCLUDE_IN_FRAMEWORK_HEADER = YES;
				CLANG_WARN_RANGE_LOOP_ANALYSIS = YES;
				CLANG_WARN_STRICT_PROTOTYPES = YES;
				CLANG_WARN_SUSPICIOUS_MOVE = YES;
				CLANG_WARN_UNGUARDED_AVAILABILITY = YES_AGGRESSIVE;
				CLANG_WARN_UNREACHABLE_CODE = YES;
				CLANG_WARN__DUPLICATE_METHOD_MATCH = YES;
				COPY_PHASE_STRIP = NO;
				DEBUG_INFORMATION_FORMAT = "dwarf-with-dsym";
				ENABLE_NS_ASSERTIONS = NO;
				ENABLE_STRICT_OBJC_MSGSEND = YES;
				GCC_C_LANGUAGE_STANDARD = gnu11;
				GCC_NO_COMMON_BLOCKS = YES;
				GCC_WARN_64_TO_32_BIT_CONVERSION = YES;
				GCC_WARN_ABOUT_RETURN_TYPE = YES_ERROR;
				GCC_WARN_UNDECLARED_SELECTOR = YES;
				GCC_WARN_UNINITIALIZED_AUTOS = YES_AGGRESSIVE;
				GCC_WARN_UNUSED_FUNCTION = YES;
				GCC_WARN_UNUSED_VARIABLE = YES;
				IPHONEOS_DEPLOYMENT_TARGET = 15.2;
				MTL_ENABLE_DEBUG_INFO = NO;
				MTL_FAST_MATH = YES;
				SDKROOT = iphoneos;
				SWIFT_COMPILATION_MODE = wholemodule;
				SWIFT_OPTIMIZATION_LEVEL = "-O";
				VALIDATE_PRODUCT = YES;
			};
			name = Release;
		};
		BC057BB2289EB64700D54BA1 /* Debug */ = {
			isa = XCBuildConfiguration;
			buildSettings = {
				ASSETCATALOG_COMPILER_APPICON_NAME = AppIcon;
				ASSETCATALOG_COMPILER_GLOBAL_ACCENT_COLOR_NAME = AccentColor;
				CODE_SIGN_STYLE = Automatic;
				CURRENT_PROJECT_VERSION = 1;
				DEVELOPMENT_ASSET_PATHS = "\"Bullseye/Preview Content\"";
				ENABLE_PREVIEWS = YES;
				GENERATE_INFOPLIST_FILE = YES;
				INFOPLIST_KEY_UIApplicationSceneManifest_Generation = YES;
				INFOPLIST_KEY_UIApplicationSupportsIndirectInputEvents = YES;
				INFOPLIST_KEY_UILaunchScreen_Generation = YES;
				INFOPLIST_KEY_UISupportedInterfaceOrientations_iPad = "UIInterfaceOrientationPortrait UIInterfaceOrientationPortraitUpsideDown UIInterfaceOrientationLandscapeLeft UIInterfaceOrientationLandscapeRight";
				INFOPLIST_KEY_UISupportedInterfaceOrientations_iPhone = "UIInterfaceOrientationPortrait UIInterfaceOrientationLandscapeLeft UIInterfaceOrientationLandscapeRight";
				LD_RUNPATH_SEARCH_PATHS = (
					"$(inherited)",
					"@executable_path/Frameworks",
				);
				MARKETING_VERSION = 1.0;
				PRODUCT_BUNDLE_IDENTIFIER = com.Adrenalina.Bullseye;
				PRODUCT_NAME = "$(TARGET_NAME)";
				SWIFT_EMIT_LOC_STRINGS = YES;
				SWIFT_VERSION = 5.0;
				TARGETED_DEVICE_FAMILY = "1,2";
			};
			name = Debug;
		};
		BC057BB3289EB64700D54BA1 /* Release */ = {
			isa = XCBuildConfiguration;
			buildSettings = {
				ASSETCATALOG_COMPILER_APPICON_NAME = AppIcon;
				ASSETCATALOG_COMPILER_GLOBAL_ACCENT_COLOR_NAME = AccentColor;
				CODE_SIGN_STYLE = Automatic;
				CURRENT_PROJECT_VERSION = 1;
				DEVELOPMENT_ASSET_PATHS = "\"Bullseye/Preview Content\"";
				ENABLE_PREVIEWS = YES;
				GENERATE_INFOPLIST_FILE = YES;
				INFOPLIST_KEY_UIApplicationSceneManifest_Generation = YES;
				INFOPLIST_KEY_UIApplicationSupportsIndirectInputEvents = YES;
				INFOPLIST_KEY_UILaunchScreen_Generation = YES;
				INFOPLIST_KEY_UISupportedInterfaceOrientations_iPad = "UIInterfaceOrientationPortrait UIInterfaceOrientationPortraitUpsideDown UIInterfaceOrientationLandscapeLeft UIInterfaceOrientationLandscapeRight";
				INFOPLIST_KEY_UISupportedInterfaceOrientations_iPhone = "UIInterfaceOrientationPortrait UIInterfaceOrientationLandscapeLeft UIInterfaceOrientationLandscapeRight";
				LD_RUNPATH_SEARCH_PATHS = (
					"$(inherited)",
					"@executable_path/Frameworks",
				);
				MARKETING_VERSION = 1.0;
				PRODUCT_BUNDLE_IDENTIFIER = com.Adrenalina.Bullseye;
				PRODUCT_NAME = "$(TARGET_NAME)";
				SWIFT_EMIT_LOC_STRINGS = YES;
				SWIFT_VERSION = 5.0;
				TARGETED_DEVICE_FAMILY = "1,2";
			};
			name = Release;
		};
		BCD7C9A028A48DE90020E6D6 /* Debug */ = {
			isa = XCBuildConfiguration;
			buildSettings = {
				BUNDLE_LOADER = "$(TEST_HOST)";
				CODE_SIGN_STYLE = Automatic;
				CURRENT_PROJECT_VERSION = 1;
				GENERATE_INFOPLIST_FILE = YES;
				MARKETING_VERSION = 1.0;
				PRODUCT_BUNDLE_IDENTIFIER = com.Adrenalina.BullseyeTests;
				PRODUCT_NAME = "$(TARGET_NAME)";
				SWIFT_EMIT_LOC_STRINGS = NO;
				SWIFT_VERSION = 5.0;
				TARGETED_DEVICE_FAMILY = "1,2";
				TEST_HOST = "$(BUILT_PRODUCTS_DIR)/Bullseye.app/Bullseye";
			};
			name = Debug;
		};
		BCD7C9A128A48DE90020E6D6 /* Release */ = {
			isa = XCBuildConfiguration;
			buildSettings = {
				BUNDLE_LOADER = "$(TEST_HOST)";
				CODE_SIGN_STYLE = Automatic;
				CURRENT_PROJECT_VERSION = 1;
				GENERATE_INFOPLIST_FILE = YES;
				MARKETING_VERSION = 1.0;
				PRODUCT_BUNDLE_IDENTIFIER = com.Adrenalina.BullseyeTests;
				PRODUCT_NAME = "$(TARGET_NAME)";
				SWIFT_EMIT_LOC_STRINGS = NO;
				SWIFT_VERSION = 5.0;
				TARGETED_DEVICE_FAMILY = "1,2";
				TEST_HOST = "$(BUILT_PRODUCTS_DIR)/Bullseye.app/Bullseye";
			};
			name = Release;
		};
/* End XCBuildConfiguration section */

/* Begin XCConfigurationList section */
		BC057B9E289EB64500D54BA1 /* Build configuration list for PBXProject "Bullseye" */ = {
			isa = XCConfigurationList;
			buildConfigurations = (
				BC057BAF289EB64700D54BA1 /* Debug */,
				BC057BB0289EB64700D54BA1 /* Release */,
			);
			defaultConfigurationIsVisible = 0;
			defaultConfigurationName = Release;
		};
		BC057BB1289EB64700D54BA1 /* Build configuration list for PBXNativeTarget "Bullseye" */ = {
			isa = XCConfigurationList;
			buildConfigurations = (
				BC057BB2289EB64700D54BA1 /* Debug */,
				BC057BB3289EB64700D54BA1 /* Release */,
			);
			defaultConfigurationIsVisible = 0;
			defaultConfigurationName = Release;
		};
		BCD7C9A228A48DE90020E6D6 /* Build configuration list for PBXNativeTarget "BullseyeTests" */ = {
			isa = XCConfigurationList;
			buildConfigurations = (
				BCD7C9A028A48DE90020E6D6 /* Debug */,
				BCD7C9A128A48DE90020E6D6 /* Release */,
			);
			defaultConfigurationIsVisible = 0;
			defaultConfigurationName = Release;
		};
/* End XCConfigurationList section */
	};
	rootObject = BC057B9B289EB64500D54BA1 /* Project object */;
}
